
Microsoft Visual Studio Solution File, Format Version 12.00
# Visual Studio Version 16
VisualStudioVersion = 16.0.31829.152
MinimumVisualStudioVersion = 10.0.40219.1
Project("{FAE04EC0-301F-11D3-BF4B-00C04F79EFBC}") = "20 DSL", "20 DSL\20 DSL.csproj", "{130BDD91-6D31-40DB-9444-CEB7D1BBC7EA}"
EndProject
Global
	GlobalSection(SolutionConfigurationPlatforms) = preSolution
		Debug|Any CPU = Debug|Any CPU
		Release|Any CPU = Release|Any CPU
	EndGlobalSection
	GlobalSection(ProjectConfigurationPlatforms) = postSolution
		{130BDD91-6D31-40DB-9444-CEB7D1BBC7EA}.Debug|Any CPU.ActiveCfg = Debug|Any CPU
		{130BDD91-6D31-40DB-9444-CEB7D1BBC7EA}.Debug|Any CPU.Build.0 = Debug|Any CPU
		{130BDD91-6D31-40DB-9444-CEB7D1BBC7EA}.Release|Any CPU.ActiveCfg = Release|Any CPU
		{130BDD91-6D31-40DB-9444-CEB7D1BBC7EA}.Release|Any CPU.Build.0 = Release|Any CPU
	EndGlobalSection
	GlobalSection(SolutionProperties) = preSolution
		HideSolutionNode = FALSE
	EndGlobalSection
	GlobalSection(ExtensibilityGlobals) = postSolution
		SolutionGuid = {76CFC217-A7B2-42E4-A673-450FEF57FFC4}
	EndGlobalSection
EndGlobal
